
Microsoft Visual Studio Solution File, Format Version 12.00
# Visual Studio Version 17
VisualStudioVersion = 17.4.33205.214
MinimumVisualStudioVersion = 10.0.40219.1
Project("{9A19103F-16F7-4668-BE54-9A1E7A4F7556}") = "LAX.Operation", "LAX.Operation\LAX.Operation.csproj", "{2F27BA71-AD38-487D-A74D-7F244F04E608}"
EndProject
Project("{9A19103F-16F7-4668-BE54-9A1E7A4F7556}") = "LAX.Desktop.Wpf", "LAX.Desktop.Wpf\LAX.Desktop.Wpf.csproj", "{19A28A9D-3B20-4174-A2E7-E5FE3D4CD1F9}"
EndProject
Project("{9A19103F-16F7-4668-BE54-9A1E7A4F7556}") = "LAX.Server", "LAX.Server\LAX.Server.csproj", "{B643B073-D26C-4A01-8F13-BE1FE091BF53}"
EndProject
Project("{9A19103F-16F7-4668-BE54-9A1E7A4F7556}") = "LAX.Transmission", "LAX.Transmission\LAX.Transmission.csproj", "{41E63748-13FE-4A8F-BE19-50FDDC27A719}"
EndProject
Project("{9A19103F-16F7-4668-BE54-9A1E7A4F7556}") = "LAX.Test", "LAX.Test\LAX.Test.csproj", "{1B79E519-BD7B-49CD-BAC9-8282D0552F2B}"
EndProject
Project("{9A19103F-16F7-4668-BE54-9A1E7A4F7556}") = "LAX.Infrastructure", "LAX.Infrastructure\LAX.Infrastructure.csproj", "{C1A8A062-FE53-4400-AEBA-3C6550B53BF6}"
EndProject
Project("{2150E333-8FDC-42A3-9474-1A3956D46DE8}") = "Communication", "Communication", "{68B33CAE-7D0E-46D9-BC7B-3F4B0F86AC2C}"
EndProject
Project("{2150E333-8FDC-42A3-9474-1A3956D46DE8}") = "Operation", "Operation", "{9A6564DA-1377-44F0-AED2-233FB02A7672}"
EndProject
Project("{2150E333-8FDC-42A3-9474-1A3956D46DE8}") = "Execution", "Execution", "{05E610E0-09A9-46AA-A477-25FF67A50729}"
EndProject
Project("{9A19103F-16F7-4668-BE54-9A1E7A4F7556}") = "LAX.Communication", "LAX.Communication\LAX.Communication.csproj", "{361F6A9F-9A21-4438-9365-84F124494F73}"
EndProject
Project("{9A19103F-16F7-4668-BE54-9A1E7A4F7556}") = "LAX.Abstraction", "LAX.Abstraction\LAX.Abstraction.csproj", "{570A34F6-D3C2-4F85-95F5-B635C35F24D8}"
EndProject
Project("{9A19103F-16F7-4668-BE54-9A1E7A4F7556}") = "LAX.Console", "LAX.Console\LAX.Console.csproj", "{5C6D1746-C1AE-4447-AD2D-3BF7B5CD18FA}"
EndProject
Project("{9A19103F-16F7-4668-BE54-9A1E7A4F7556}") = "LAX.Client", "LAX.Client\LAX.Client.csproj", "{5B436529-7B58-4A28-83FD-5031CBD805D6}"
EndProject
Project("{9A19103F-16F7-4668-BE54-9A1E7A4F7556}") = "LAX.Server.SignalR", "LAX.Server.SignalR\LAX.Server.SignalR.csproj", "{42F99A56-CFB2-4781-9A68-4600B2AF9362}"
EndProject
Project("{2150E333-8FDC-42A3-9474-1A3956D46DE8}") = "Server", "Server", "{BCEAF42E-B321-47B5-953B-9216B8C95CE1}"
EndProject
Project("{2150E333-8FDC-42A3-9474-1A3956D46DE8}") = "Client", "Client", "{B00706BE-A8C3-40C5-9CD8-7E8F66A3BDB2}"
EndProject
Global
	GlobalSection(SolutionConfigurationPlatforms) = preSolution
		Debug|Any CPU = Debug|Any CPU
		Release|Any CPU = Release|Any CPU
	EndGlobalSection
	GlobalSection(ProjectConfigurationPlatforms) = postSolution
		{2F27BA71-AD38-487D-A74D-7F244F04E608}.Debug|Any CPU.ActiveCfg = Debug|Any CPU
		{2F27BA71-AD38-487D-A74D-7F244F04E608}.Debug|Any CPU.Build.0 = Debug|Any CPU
		{2F27BA71-AD38-487D-A74D-7F244F04E608}.Release|Any CPU.ActiveCfg = Release|Any CPU
		{2F27BA71-AD38-487D-A74D-7F244F04E608}.Release|Any CPU.Build.0 = Release|Any CPU
		{19A28A9D-3B20-4174-A2E7-E5FE3D4CD1F9}.Debug|Any CPU.ActiveCfg = Debug|Any CPU
		{19A28A9D-3B20-4174-A2E7-E5FE3D4CD1F9}.Debug|Any CPU.Build.0 = Debug|Any CPU
		{19A28A9D-3B20-4174-A2E7-E5FE3D4CD1F9}.Release|Any CPU.ActiveCfg = Release|Any CPU
		{19A28A9D-3B20-4174-A2E7-E5FE3D4CD1F9}.Release|Any CPU.Build.0 = Release|Any CPU
		{B643B073-D26C-4A01-8F13-BE1FE091BF53}.Debug|Any CPU.ActiveCfg = Debug|Any CPU
		{B643B073-D26C-4A01-8F13-BE1FE091BF53}.Debug|Any CPU.Build.0 = Debug|Any CPU
		{B643B073-D26C-4A01-8F13-BE1FE091BF53}.Release|Any CPU.ActiveCfg = Release|Any CPU
		{B643B073-D26C-4A01-8F13-BE1FE091BF53}.Release|Any CPU.Build.0 = Release|Any CPU
		{41E63748-13FE-4A8F-BE19-50FDDC27A719}.Debug|Any CPU.ActiveCfg = Debug|Any CPU
		{41E63748-13FE-4A8F-BE19-50FDDC27A719}.Debug|Any CPU.Build.0 = Debug|Any CPU
		{41E63748-13FE-4A8F-BE19-50FDDC27A719}.Release|Any CPU.ActiveCfg = Release|Any CPU
		{41E63748-13FE-4A8F-BE19-50FDDC27A719}.Release|Any CPU.Build.0 = Release|Any CPU
		{1B79E519-BD7B-49CD-BAC9-8282D0552F2B}.Debug|Any CPU.ActiveCfg = Debug|Any CPU
		{1B79E519-BD7B-49CD-BAC9-8282D0552F2B}.Debug|Any CPU.Build.0 = Debug|Any CPU
		{1B79E519-BD7B-49CD-BAC9-8282D0552F2B}.Release|Any CPU.ActiveCfg = Release|Any CPU
		{1B79E519-BD7B-49CD-BAC9-8282D0552F2B}.Release|Any CPU.Build.0 = Release|Any CPU
		{C1A8A062-FE53-4400-AEBA-3C6550B53BF6}.Debug|Any CPU.ActiveCfg = Debug|Any CPU
		{C1A8A062-FE53-4400-AEBA-3C6550B53BF6}.Debug|Any CPU.Build.0 = Debug|Any CPU
		{C1A8A062-FE53-4400-AEBA-3C6550B53BF6}.Release|Any CPU.ActiveCfg = Release|Any CPU
		{C1A8A062-FE53-4400-AEBA-3C6550B53BF6}.Release|Any CPU.Build.0 = Release|Any CPU
		{361F6A9F-9A21-4438-9365-84F124494F73}.Debug|Any CPU.ActiveCfg = Debug|Any CPU
		{361F6A9F-9A21-4438-9365-84F124494F73}.Debug|Any CPU.Build.0 = Debug|Any CPU
		{361F6A9F-9A21-4438-9365-84F124494F73}.Release|Any CPU.ActiveCfg = Release|Any CPU
		{361F6A9F-9A21-4438-9365-84F124494F73}.Release|Any CPU.Build.0 = Release|Any CPU
		{570A34F6-D3C2-4F85-95F5-B635C35F24D8}.Debug|Any CPU.ActiveCfg = Debug|Any CPU
		{570A34F6-D3C2-4F85-95F5-B635C35F24D8}.Debug|Any CPU.Build.0 = Debug|Any CPU
		{570A34F6-D3C2-4F85-95F5-B635C35F24D8}.Release|Any CPU.ActiveCfg = Release|Any CPU
		{570A34F6-D3C2-4F85-95F5-B635C35F24D8}.Release|Any CPU.Build.0 = Release|Any CPU
		{5C6D1746-C1AE-4447-AD2D-3BF7B5CD18FA}.Debug|Any CPU.ActiveCfg = Debug|Any CPU
		{5C6D1746-C1AE-4447-AD2D-3BF7B5CD18FA}.Debug|Any CPU.Build.0 = Debug|Any CPU
		{5C6D1746-C1AE-4447-AD2D-3BF7B5CD18FA}.Release|Any CPU.ActiveCfg = Release|Any CPU
		{5C6D1746-C1AE-4447-AD2D-3BF7B5CD18FA}.Release|Any CPU.Build.0 = Release|Any CPU
		{5B436529-7B58-4A28-83FD-5031CBD805D6}.Debug|Any CPU.ActiveCfg = Debug|Any CPU
		{5B436529-7B58-4A28-83FD-5031CBD805D6}.Debug|Any CPU.Build.0 = Debug|Any CPU
		{5B436529-7B58-4A28-83FD-5031CBD805D6}.Release|Any CPU.ActiveCfg = Release|Any CPU
		{5B436529-7B58-4A28-83FD-5031CBD805D6}.Release|Any CPU.Build.0 = Release|Any CPU
		{42F99A56-CFB2-4781-9A68-4600B2AF9362}.Debug|Any CPU.ActiveCfg = Debug|Any CPU
		{42F99A56-CFB2-4781-9A68-4600B2AF9362}.Debug|Any CPU.Build.0 = Debug|Any CPU
		{42F99A56-CFB2-4781-9A68-4600B2AF9362}.Release|Any CPU.ActiveCfg = Release|Any CPU
		{42F99A56-CFB2-4781-9A68-4600B2AF9362}.Release|Any CPU.Build.0 = Release|Any CPU
	EndGlobalSection
	GlobalSection(SolutionProperties) = preSolution
		HideSolutionNode = FALSE
	EndGlobalSection
	GlobalSection(NestedProjects) = preSolution
		{2F27BA71-AD38-487D-A74D-7F244F04E608} = {9A6564DA-1377-44F0-AED2-233FB02A7672}
		{19A28A9D-3B20-4174-A2E7-E5FE3D4CD1F9} = {B00706BE-A8C3-40C5-9CD8-7E8F66A3BDB2}
		{B643B073-D26C-4A01-8F13-BE1FE091BF53} = {BCEAF42E-B321-47B5-953B-9216B8C95CE1}
		{361F6A9F-9A21-4438-9365-84F124494F73} = {68B33CAE-7D0E-46D9-BC7B-3F4B0F86AC2C}
		{5C6D1746-C1AE-4447-AD2D-3BF7B5CD18FA} = {B00706BE-A8C3-40C5-9CD8-7E8F66A3BDB2}
		{5B436529-7B58-4A28-83FD-5031CBD805D6} = {B00706BE-A8C3-40C5-9CD8-7E8F66A3BDB2}
		{42F99A56-CFB2-4781-9A68-4600B2AF9362} = {BCEAF42E-B321-47B5-953B-9216B8C95CE1}
		{BCEAF42E-B321-47B5-953B-9216B8C95CE1} = {05E610E0-09A9-46AA-A477-25FF67A50729}
		{B00706BE-A8C3-40C5-9CD8-7E8F66A3BDB2} = {05E610E0-09A9-46AA-A477-25FF67A50729}
	EndGlobalSection
	GlobalSection(ExtensibilityGlobals) = postSolution
		SolutionGuid = {F8F1592F-F648-41BB-AE59-8016DD2A9F60}
	EndGlobalSection
EndGlobal
